// !$*UTF8*$!
{
	archiveVersion = 1;
	classes = {
	};
	objectVersion = 50;
	objects = {

/* Begin PBXBuildFile section */
		64881C472853AF8D00F970CD /* AppDelegate.swift in Sources */ = {isa = PBXBuildFile; fileRef = 64881C462853AF8D00F970CD /* AppDelegate.swift */; };
		64881C492853AF8D00F970CD /* SceneDelegate.swift in Sources */ = {isa = PBXBuildFile; fileRef = 64881C482853AF8D00F970CD /* SceneDelegate.swift */; };
		64881C4B2853AF8D00F970CD /* ViewController.swift in Sources */ = {isa = PBXBuildFile; fileRef = 64881C4A2853AF8D00F970CD /* ViewController.swift */; };
		64881C4E2853AF8D00F970CD /* Main.storyboard in Resources */ = {isa = PBXBuildFile; fileRef = 64881C4C2853AF8D00F970CD /* Main.storyboard */; };
		64881C502853AF9000F970CD /* Assets.xcassets in Resources */ = {isa = PBXBuildFile; fileRef = 64881C4F2853AF9000F970CD /* Assets.xcassets */; };
		64881C532853AF9000F970CD /* LaunchScreen.storyboard in Resources */ = {isa = PBXBuildFile; fileRef = 64881C512853AF9000F970CD /* LaunchScreen.storyboard */; };
		64881C5C2853B13600F970CD /* RegisterPageViewController.swift in Sources */ = {isa = PBXBuildFile; fileRef = 64881C5B2853B13600F970CD /* RegisterPageViewController.swift */; };
		64881C5F2853B15100F970CD /* LoginViewController.swift in Sources */ = {isa = PBXBuildFile; fileRef = 64881C5E2853B15100F970CD /* LoginViewController.swift */; };
/* End PBXBuildFile section */

/* Begin PBXFileReference section */
		64881C432853AF8D00F970CD /* Delivery.app */ = {isa = PBXFileReference; explicitFileType = wrapper.application; includeInIndex = 0; path = Delivery.app; sourceTree = BUILT_PRODUCTS_DIR; };
		64881C462853AF8D00F970CD /* AppDelegate.swift */ = {isa = PBXFileReference; lastKnownFileType = sourcecode.swift; path = AppDelegate.swift; sourceTree = "<group>"; };
		64881C482853AF8D00F970CD /* SceneDelegate.swift */ = {isa = PBXFileReference; lastKnownFileType = sourcecode.swift; path = SceneDelegate.swift; sourceTree = "<group>"; };
		64881C4A2853AF8D00F970CD /* ViewController.swift */ = {isa = PBXFileReference; lastKnownFileType = sourcecode.swift; path = ViewController.swift; sourceTree = "<group>"; };
		64881C4D2853AF8D00F970CD /* Base */ = {isa = PBXFileReference; lastKnownFileType = file.storyboard; name = Base; path = Base.lproj/Main.storyboard; sourceTree = "<group>"; };
		64881C4F2853AF9000F970CD /* Assets.xcassets */ = {isa = PBXFileReference; lastKnownFileType = folder.assetcatalog; path = Assets.xcassets; sourceTree = "<group>"; };
		64881C522853AF9000F970CD /* Base */ = {isa = PBXFileReference; lastKnownFileType = file.storyboard; name = Base; path = Base.lproj/LaunchScreen.storyboard; sourceTree = "<group>"; };
		64881C542853AF9000F970CD /* Info.plist */ = {isa = PBXFileReference; lastKnownFileType = text.plist.xml; path = Info.plist; sourceTree = "<group>"; };
		64881C5B2853B13600F970CD /* RegisterPageViewController.swift */ = {isa = PBXFileReference; lastKnownFileType = sourcecode.swift; path = RegisterPageViewController.swift; sourceTree = "<group>"; };
		64881C5E2853B15100F970CD /* LoginViewController.swift */ = {isa = PBXFileReference; lastKnownFileType = sourcecode.swift; path = LoginViewController.swift; sourceTree = "<group>"; };
/* End PBXFileReference section */

/* Begin PBXFrameworksBuildPhase section */
		64881C402853AF8D00F970CD /* Frameworks */ = {
			isa = PBXFrameworksBuildPhase;
			buildActionMask = 2147483647;
			files = (
			);
			runOnlyForDeploymentPostprocessing = 0;
		};
/* End PBXFrameworksBuildPhase section */

/* Begin PBXGroup section */
		64881C3A2853AF8D00F970CD = {
			isa = PBXGroup;
			children = (
				64881C452853AF8D00F970CD /* Delivery */,
				64881C442853AF8D00F970CD /* Products */,
			);
			sourceTree = "<group>";
		};
		64881C442853AF8D00F970CD /* Products */ = {
			isa = PBXGroup;
			children = (
				64881C432853AF8D00F970CD /* Delivery.app */,
			);
			name = Products;
			sourceTree = "<group>";
		};
		64881C452853AF8D00F970CD /* Delivery */ = {
			isa = PBXGroup;
			children = (
				64881C462853AF8D00F970CD /* AppDelegate.swift */,
				64881C482853AF8D00F970CD /* SceneDelegate.swift */,
				64881C4A2853AF8D00F970CD /* ViewController.swift */,
				64881C4C2853AF8D00F970CD /* Main.storyboard */,
				64881C4F2853AF9000F970CD /* Assets.xcassets */,
				64881C512853AF9000F970CD /* LaunchScreen.storyboard */,
				64881C542853AF9000F970CD /* Info.plist */,
				64881C5B2853B13600F970CD /* RegisterPageViewController.swift */,
				64881C5E2853B15100F970CD /* LoginViewController.swift */,
			);
			path = Delivery;
			sourceTree = "<group>";
		};
/* End PBXGroup section */

/* Begin PBXNativeTarget section */
		64881C422853AF8D00F970CD /* Delivery */ = {
			isa = PBXNativeTarget;
			buildConfigurationList = 64881C572853AF9000F970CD /* Build configuration list for PBXNativeTarget "Delivery" */;
			buildPhases = (
				64881C3F2853AF8D00F970CD /* Sources */,
				64881C402853AF8D00F970CD /* Frameworks */,
				64881C412853AF8D00F970CD /* Resources */,
			);
			buildRules = (
			);
			dependencies = (
			);
			name = Delivery;
			productName = Delivery;
			productReference = 64881C432853AF8D00F970CD /* Delivery.app */;
			productType = "com.apple.product-type.application";
		};
/* End PBXNativeTarget section */

/* Begin PBXProject section */
		64881C3B2853AF8D00F970CD /* Project object */ = {
			isa = PBXProject;
			attributes = {
				LastSwiftUpdateCheck = 1240;
				LastUpgradeCheck = 1240;
				TargetAttributes = {
					64881C422853AF8D00F970CD = {
						CreatedOnToolsVersion = 12.4;
					};
				};
			};
			buildConfigurationList = 64881C3E2853AF8D00F970CD /* Build configuration list for PBXProject "Delivery" */;
			compatibilityVersion = "Xcode 9.3";
			developmentRegion = en;
			hasScannedForEncodings = 0;
			knownRegions = (
				en,
				Base,
			);
			mainGroup = 64881C3A2853AF8D00F970CD;
			productRefGroup = 64881C442853AF8D00F970CD /* Products */;
			projectDirPath = "";
			projectRoot = "";
			targets = (
				64881C422853AF8D00F970CD /* Delivery */,
			);
		};
/* End PBXProject section */

/* Begin PBXResourcesBuildPhase section */
		64881C412853AF8D00F970CD /* Resources */ = {
			isa = PBXResourcesBuildPhase;
			buildActionMask = 2147483647;
			files = (
				64881C532853AF9000F970CD /* LaunchScreen.storyboard in Resources */,
				64881C502853AF9000F970CD /* Assets.xcassets in Resources */,
				64881C4E2853AF8D00F970CD /* Main.storyboard in Resources */,
			);
			runOnlyForDeploymentPostprocessing = 0;
		};
/* End PBXResourcesBuildPhase section */

/* Begin PBXSourcesBuildPhase section */
		64881C3F2853AF8D00F970CD /* Sources */ = {
			isa = PBXSourcesBuildPhase;
			buildActionMask = 2147483647;
			files = (
				64881C5C2853B13600F970CD /* RegisterPageViewController.swift in Sources */,
				64881C4B2853AF8D00F970CD /* ViewController.swift in Sources */,
				64881C472853AF8D00F970CD /* AppDelegate.swift in Sources */,
				64881C5F2853B15100F970CD /* LoginViewController.swift in Sources */,
				64881C492853AF8D00F970CD /* SceneDelegate.swift in Sources */,
			);
			runOnlyForDeploymentPostprocessing = 0;
		};
/* End PBXSourcesBuildPhase section */

/* Begin PBXVariantGroup section */
		64881C4C2853AF8D00F970CD /* Main.storyboard */ = {
			isa = PBXVariantGroup;
			children = (
				64881C4D2853AF8D00F970CD /* Base */,
			);
			name = Main.storyboard;
			sourceTree = "<group>";
		};
		64881C512853AF9000F970CD /* LaunchScreen.storyboard */ = {
			isa = PBXVariantGroup;
			children = (
				64881C522853AF9000F970CD /* Base */,
			);
			name = LaunchScreen.storyboard;
			sourceTree = "<group>";
		};
/* End PBXVariantGroup section */

/* Begin XCBuildConfiguration section */
		64881C552853AF9000F970CD /* Debug */ = {
			isa = XCBuildConfiguration;
			buildSettings = {
				ALWAYS_SEARCH_USER_PATHS = NO;
				CLANG_ANALYZER_NONNULL = YES;
				CLANG_ANALYZER_NUMBER_OBJECT_CONVERSION = YES_AGGRESSIVE;
				CLANG_CXX_LANGUAGE_STANDARD = "gnu++14";
				CLANG_CXX_LIBRARY = "libc++";
				CLANG_ENABLE_MODULES = YES;
				CLANG_ENABLE_OBJC_ARC = YES;
				CLANG_ENABLE_OBJC_WEAK = YES;
				CLANG_WARN_BLOCK_CAPTURE_AUTORELEASING = YES;
				CLANG_WARN_BOOL_CONVERSION = YES;
				CLANG_WARN_COMMA = YES;
				CLANG_WARN_CONSTANT_CONVERSION = YES;
				CLANG_WARN_DEPRECATED_OBJC_IMPLEMENTATIONS = YES;
				CLANG_WARN_DIRECT_OBJC_ISA_USAGE = YES_ERROR;
				CLANG_WARN_DOCUMENTATION_COMMENTS = YES;
				CLANG_WARN_EMPTY_BODY = YES;
				CLANG_WARN_ENUM_CONVERSION = YES;
				CLANG_WARN_INFINITE_RECURSION = YES;
				CLANG_WARN_INT_CONVERSION = YES;
				CLANG_WARN_NON_LITERAL_NULL_CONVERSION = YES;
				CLANG_WARN_OBJC_IMPLICIT_RETAIN_SELF = YES;
				CLANG_WARN_OBJC_LITERAL_CONVERSION = YES;
				CLANG_WARN_OBJC_ROOT_CLASS = YES_ERROR;
				CLANG_WARN_QUOTED_INCLUDE_IN_FRAMEWORK_HEADER = YES;
				CLANG_WARN_RANGE_LOOP_ANALYSIS = YES;
				CLANG_WARN_STRICT_PROTOTYPES = YES;
				CLANG_WARN_SUSPICIOUS_MOVE = YES;
				CLANG_WARN_UNGUARDED_AVAILABILITY = YES_AGGRESSIVE;
				CLANG_WARN_UNREACHABLE_CODE = YES;
				CLANG_WARN__DUPLICATE_METHOD_MATCH = YES;
				COPY_PHASE_STRIP = NO;
				DEBUG_INFORMATION_FORMAT = dwarf;
				ENABLE_STRICT_OBJC_MSGSEND = YES;
				ENABLE_TESTABILITY = YES;
				GCC_C_LANGUAGE_STANDARD = gnu11;
				GCC_DYNAMIC_NO_PIC = NO;
				GCC_NO_COMMON_BLOCKS = YES;
				GCC_OPTIMIZATION_LEVEL = 0;
				GCC_PREPROCESSOR_DEFINITIONS = (
					"DEBUG=1",
					"$(inherited)",
				);
				GCC_WARN_64_TO_32_BIT_CONVERSION = YES;
				GCC_WARN_ABOUT_RETURN_TYPE = YES_ERROR;
				GCC_WARN_UNDECLARED_SELECTOR = YES;
				GCC_WARN_UNINITIALIZED_AUTOS = YES_AGGRESSIVE;
				GCC_WARN_UNUSED_FUNCTION = YES;
				GCC_WARN_UNUSED_VARIABLE = YES;
				IPHONEOS_DEPLOYMENT_TARGET = 14.4;
				MTL_ENABLE_DEBUG_INFO = INCLUDE_SOURCE;
				MTL_FAST_MATH = YES;
				ONLY_ACTIVE_ARCH = YES;
				SDKROOT = iphoneos;
				SWIFT_ACTIVE_COMPILATION_CONDITIONS = DEBUG;
				SWIFT_OPTIMIZATION_LEVEL = "-Onone";
			};
			name = Debug;
		};
		64881C562853AF9000F970CD /* Release */ = {
			isa = XCBuildConfiguration;
			buildSettings = {
				ALWAYS_SEARCH_USER_PATHS = NO;
				CLANG_ANALYZER_NONNULL = YES;
				CLANG_ANALYZER_NUMBER_OBJECT_CONVERSION = YES_AGGRESSIVE;
				CLANG_CXX_LANGUAGE_STANDARD = "gnu++14";
				CLANG_CXX_LIBRARY = "libc++";
				CLANG_ENABLE_MODULES = YES;
				CLANG_ENABLE_OBJC_ARC = YES;
				CLANG_ENABLE_OBJC_WEAK = YES;
				CLANG_WARN_BLOCK_CAPTURE_AUTORELEASING = YES;
				CLANG_WARN_BOOL_CONVERSION = YES;
				CLANG_WARN_COMMA = YES;
				CLANG_WARN_CONSTANT_CONVERSION = YES;
				CLANG_WARN_DEPRECATED_OBJC_IMPLEMENTATIONS = YES;
				CLANG_WARN_DIRECT_OBJC_ISA_USAGE = YES_ERROR;
				CLANG_WARN_DOCUMENTATION_COMMENTS = YES;
				CLANG_WARN_EMPTY_BODY = YES;
				CLANG_WARN_ENUM_CONVERSION = YES;
				CLANG_WARN_INFINITE_RECURSION = YES;
				CLANG_WARN_INT_CONVERSION = YES;
				CLANG_WARN_NON_LITERAL_NULL_CONVERSION = YES;
				CLANG_WARN_OBJC_IMPLICIT_RETAIN_SELF = YES;
				CLANG_WARN_OBJC_LITERAL_CONVERSION = YES;
				CLANG_WARN_OBJC_ROOT_CLASS = YES_ERROR;
				CLANG_WARN_QUOTED_INCLUDE_IN_FRAMEWORK_HEADER = YES;
				CLANG_WARN_RANGE_LOOP_ANALYSIS = YES;
				CLANG_WARN_STRICT_PROTOTYPES = YES;
				CLANG_WARN_SUSPICIOUS_MOVE = YES;
				CLANG_WARN_UNGUARDED_AVAILABILITY = YES_AGGRESSIVE;
				CLANG_WARN_UNREACHABLE_CODE = YES;
				CLANG_WARN__DUPLICATE_METHOD_MATCH = YES;
				COPY_PHASE_STRIP = NO;
				DEBUG_INFORMATION_FORMAT = "dwarf-with-dsym";
				ENABLE_NS_ASSERTIONS = NO;
				ENABLE_STRICT_OBJC_MSGSEND = YES;
				GCC_C_LANGUAGE_STANDARD = gnu11;
				GCC_NO_COMMON_BLOCKS = YES;
				GCC_WARN_64_TO_32_BIT_CONVERSION = YES;
				GCC_WARN_ABOUT_RETURN_TYPE = YES_ERROR;
				GCC_WARN_UNDECLARED_SELECTOR = YES;
				GCC_WARN_UNINITIALIZED_AUTOS = YES_AGGRESSIVE;
				GCC_WARN_UNUSED_FUNCTION = YES;
				GCC_WARN_UNUSED_VARIABLE = YES;
				IPHONEOS_DEPLOYMENT_TARGET = 14.4;
				MTL_ENABLE_DEBUG_INFO = NO;
				MTL_FAST_MATH = YES;
				SDKROOT = iphoneos;
				SWIFT_COMPILATION_MODE = wholemodule;
				SWIFT_OPTIMIZATION_LEVEL = "-O";
				VALIDATE_PRODUCT = YES;
			};
			name = Release;
		};
		64881C582853AF9000F970CD /* Debug */ = {
			isa = XCBuildConfiguration;
			buildSettings = {
				ASSETCATALOG_COMPILER_APPICON_NAME = AppIcon;
				ASSETCATALOG_COMPILER_GLOBAL_ACCENT_COLOR_NAME = AccentColor;
				CODE_SIGN_STYLE = Automatic;
				INFOPLIST_FILE = Delivery/Info.plist;
				LD_RUNPATH_SEARCH_PATHS = (
					"$(inherited)",
					"@executable_path/Frameworks",
				);
				PRODUCT_BUNDLE_IDENTIFIER = zxc.Delivery;
				PRODUCT_NAME = "$(TARGET_NAME)";
				SWIFT_VERSION = 5.0;
				TARGETED_DEVICE_FAMILY = "1,2";
			};
			name = Debug;
		};
		64881C592853AF9000F970CD /* Release */ = {
			isa = XCBuildConfiguration;
			buildSettings = {
				ASSETCATALOG_COMPILER_APPICON_NAME = AppIcon;
				ASSETCATALOG_COMPILER_GLOBAL_ACCENT_COLOR_NAME = AccentColor;
				CODE_SIGN_STYLE = Automatic;
				INFOPLIST_FILE = Delivery/Info.plist;
				LD_RUNPATH_SEARCH_PATHS = (
					"$(inherited)",
					"@executable_path/Frameworks",
				);
				PRODUCT_BUNDLE_IDENTIFIER = zxc.Delivery;
				PRODUCT_NAME = "$(TARGET_NAME)";
				SWIFT_VERSION = 5.0;
				TARGETED_DEVICE_FAMILY = "1,2";
			};
			name = Release;
		};
/* End XCBuildConfiguration section */

/* Begin XCConfigurationList section */
		64881C3E2853AF8D00F970CD /* Build configuration list for PBXProject "Delivery" */ = {
			isa = XCConfigurationList;
			buildConfigurations = (
				64881C552853AF9000F970CD /* Debug */,
				64881C562853AF9000F970CD /* Release */,
			);
			defaultConfigurationIsVisible = 0;
			defaultConfigurationName = Release;
		};
		64881C572853AF9000F970CD /* Build configuration list for PBXNativeTarget "Delivery" */ = {
			isa = XCConfigurationList;
			buildConfigurations = (
				64881C582853AF9000F970CD /* Debug */,
				64881C592853AF9000F970CD /* Release */,
			);
			defaultConfigurationIsVisible = 0;
			defaultConfigurationName = Release;
		};
/* End XCConfigurationList section */
	};
	rootObject = 64881C3B2853AF8D00F970CD /* Project object */;
}
